
Microsoft Visual Studio Solution File, Format Version 12.00
# Visual Studio Version 16
VisualStudioVersion = 16.0.29123.88
MinimumVisualStudioVersion = 10.0.40219.1
Project("{9A19103F-16F7-4668-BE54-9A1E7A4F7556}") = "01.Coldairarrow.Util", "src\Coldairarrow.Util\01.Coldairarrow.Util.csproj", "{3F8163F9-0513-4DD5-8761-D62294A72BAC}"
EndProject
Project("{9A19103F-16F7-4668-BE54-9A1E7A4F7556}") = "02.Coldairarrow.Entity", "src\Coldairarrow.Entity\02.Coldairarrow.Entity.csproj", "{0313E651-ADE8-4357-AE39-AADEC575F241}"
EndProject
Project("{9A19103F-16F7-4668-BE54-9A1E7A4F7556}") = "04.Coldairarrow.Business", "src\Coldairarrow.Business\04.Coldairarrow.Business.csproj", "{1920BFF8-DE4A-4871-A564-64356A5997BF}"
EndProject
Project("{9A19103F-16F7-4668-BE54-9A1E7A4F7556}") = "05.Coldairarrow.Api", "src\Coldairarrow.Api\05.Coldairarrow.Api.csproj", "{BEA1BF0D-B063-4931-89C7-22F92973143A}"
EndProject
Project("{9A19103F-16F7-4668-BE54-9A1E7A4F7556}") = "03.Coldairarrow.IBusiness", "src\Coldairarrow.IBusiness\03.Coldairarrow.IBusiness.csproj", "{4422EF5A-9E20-450D-B0BD-643DED2B9219}"
EndProject
Project("{9A19103F-16F7-4668-BE54-9A1E7A4F7556}") = "DbMigrator", "src\DbMigrator\DbMigrator.csproj", "{686ADAF7-ACC2-4E5A-8E04-23993484C792}"
EndProject
Project("{9A19103F-16F7-4668-BE54-9A1E7A4F7556}") = "00.AIStudio.Service", "src\AIStudio.Service\00.AIStudio.Service.csproj", "{4A285025-88E9-46EC-81BD-A9E0809A73F5}"
EndProject
Project("{2150E333-8FDC-42A3-9474-1A3956D46DE8}") = "WorkflowCore", "WorkflowCore", "{8FDAE4EB-A00F-40F3-BACA-89402F078AF3}"
EndProject
Project("{9A19103F-16F7-4668-BE54-9A1E7A4F7556}") = "WorkflowCore", "src\WorkflowCore\WorkflowCore\WorkflowCore.csproj", "{7CBCE6FF-4F1C-4CE8-9340-79EDCE855C2E}"
EndProject
Project("{9A19103F-16F7-4668-BE54-9A1E7A4F7556}") = "WorkflowCore.DSL", "src\WorkflowCore\WorkflowCore.DSL\WorkflowCore.DSL.csproj", "{9523B0B2-92B8-4687-86BE-83CFB8ACBE23}"
EndProject
Project("{9A19103F-16F7-4668-BE54-9A1E7A4F7556}") = "WorkflowCore.Persistence.EntityFramework", "src\WorkflowCore\providers\WorkflowCore.Persistence.EntityFramework\WorkflowCore.Persistence.EntityFramework.csproj", "{8F1603B8-0DA0-4EBF-89A3-F855AC72676F}"
EndProject
Project("{9A19103F-16F7-4668-BE54-9A1E7A4F7556}") = "WorkflowCore.Persistence.MySQL", "src\WorkflowCore\providers\WorkflowCore.Persistence.MySQL\WorkflowCore.Persistence.MySQL.csproj", "{ECA3A449-A8BB-4AFF-BE40-1096AD811369}"
EndProject
Project("{9A19103F-16F7-4668-BE54-9A1E7A4F7556}") = "WorkflowCore.Persistence.PostgreSQL", "src\WorkflowCore\providers\WorkflowCore.Persistence.PostgreSQL\WorkflowCore.Persistence.PostgreSQL.csproj", "{827C795E-6F4B-4508-8473-1D8870385F8A}"
EndProject
Project("{9A19103F-16F7-4668-BE54-9A1E7A4F7556}") = "WorkflowCore.Persistence.Sqlite", "src\WorkflowCore\providers\WorkflowCore.Persistence.Sqlite\WorkflowCore.Persistence.Sqlite.csproj", "{4A599204-812C-4428-8D85-FE13861AF5B3}"
EndProject
Project("{9A19103F-16F7-4668-BE54-9A1E7A4F7556}") = "WorkflowCore.Persistence.SqlServer", "src\WorkflowCore\providers\WorkflowCore.Persistence.SqlServer\WorkflowCore.Persistence.SqlServer.csproj", "{9F3239D3-E6F7-4D2B-B76C-1FC86CDAEEF8}"
EndProject
Project("{2150E333-8FDC-42A3-9474-1A3956D46DE8}") = "Solution Items", "Solution Items", "{3D69BD67-974D-42DD-9221-F07BD59AFBBC}"
	ProjectSection(SolutionItems) = preProject
		.editorconfig = .editorconfig
	EndProjectSection
EndProject
Project("{9A19103F-16F7-4668-BE54-9A1E7A4F7556}") = "AIStudio.WpfApi", "src\AIStudio.WpfApi\AIStudio.WpfApi.csproj", "{C9415BE9-8959-46CD-A55C-D773C188694B}"
EndProject
Project("{2150E333-8FDC-42A3-9474-1A3956D46DE8}") = "EFCore.Sharding", "EFCore.Sharding", "{D7375B91-46EC-44A5-8B2F-BA94E94593B4}"
EndProject
Project("{9A19103F-16F7-4668-BE54-9A1E7A4F7556}") = "EFCore.Sharding", "src\EFCore.Sharding\src\EFCore.Sharding\EFCore.Sharding.csproj", "{8F190ACD-4C81-4A8F-A3A9-64BDF438E304}"
EndProject
Project("{9A19103F-16F7-4668-BE54-9A1E7A4F7556}") = "EFCore.Sharding.SQLite", "src\EFCore.Sharding\src\EFCore.Sharding.SQLite\EFCore.Sharding.SQLite.csproj", "{3C9CC59C-C484-436F-B349-86E5C5065AE6}"
EndProject
Project("{9A19103F-16F7-4668-BE54-9A1E7A4F7556}") = "EFCore.Sharding.MySql", "src\EFCore.Sharding\src\EFCore.Sharding.MySql\EFCore.Sharding.MySql.csproj", "{EBD8DFE5-74F8-4556-9A35-D9EC47B35979}"
EndProject
Project("{9A19103F-16F7-4668-BE54-9A1E7A4F7556}") = "EFCore.Sharding.PostgreSql", "src\EFCore.Sharding\src\EFCore.Sharding.PostgreSql\EFCore.Sharding.PostgreSql.csproj", "{1F628E50-BA8C-4A8E-A579-390E7CCFF034}"
EndProject
Project("{9A19103F-16F7-4668-BE54-9A1E7A4F7556}") = "EFCore.Sharding.SqlServer", "src\EFCore.Sharding\src\EFCore.Sharding.SqlServer\EFCore.Sharding.SqlServer.csproj", "{79AD0FC1-569F-43C7-8289-7C1608956F8F}"
EndProject
Global
	GlobalSection(SolutionConfigurationPlatforms) = preSolution
		Debug|Any CPU = Debug|Any CPU
		Release|Any CPU = Release|Any CPU
	EndGlobalSection
	GlobalSection(ProjectConfigurationPlatforms) = postSolution
		{3F8163F9-0513-4DD5-8761-D62294A72BAC}.Debug|Any CPU.ActiveCfg = Debug|Any CPU
		{3F8163F9-0513-4DD5-8761-D62294A72BAC}.Debug|Any CPU.Build.0 = Debug|Any CPU
		{3F8163F9-0513-4DD5-8761-D62294A72BAC}.Release|Any CPU.ActiveCfg = Release|Any CPU
		{3F8163F9-0513-4DD5-8761-D62294A72BAC}.Release|Any CPU.Build.0 = Release|Any CPU
		{0313E651-ADE8-4357-AE39-AADEC575F241}.Debug|Any CPU.ActiveCfg = Debug|Any CPU
		{0313E651-ADE8-4357-AE39-AADEC575F241}.Debug|Any CPU.Build.0 = Debug|Any CPU
		{0313E651-ADE8-4357-AE39-AADEC575F241}.Release|Any CPU.ActiveCfg = Release|Any CPU
		{0313E651-ADE8-4357-AE39-AADEC575F241}.Release|Any CPU.Build.0 = Release|Any CPU
		{1920BFF8-DE4A-4871-A564-64356A5997BF}.Debug|Any CPU.ActiveCfg = Debug|Any CPU
		{1920BFF8-DE4A-4871-A564-64356A5997BF}.Debug|Any CPU.Build.0 = Debug|Any CPU
		{1920BFF8-DE4A-4871-A564-64356A5997BF}.Release|Any CPU.ActiveCfg = Release|Any CPU
		{1920BFF8-DE4A-4871-A564-64356A5997BF}.Release|Any CPU.Build.0 = Release|Any CPU
		{BEA1BF0D-B063-4931-89C7-22F92973143A}.Debug|Any CPU.ActiveCfg = Debug|Any CPU
		{BEA1BF0D-B063-4931-89C7-22F92973143A}.Debug|Any CPU.Build.0 = Debug|Any CPU
		{BEA1BF0D-B063-4931-89C7-22F92973143A}.Release|Any CPU.ActiveCfg = Release|Any CPU
		{BEA1BF0D-B063-4931-89C7-22F92973143A}.Release|Any CPU.Build.0 = Release|Any CPU
		{4422EF5A-9E20-450D-B0BD-643DED2B9219}.Debug|Any CPU.ActiveCfg = Debug|Any CPU
		{4422EF5A-9E20-450D-B0BD-643DED2B9219}.Debug|Any CPU.Build.0 = Debug|Any CPU
		{4422EF5A-9E20-450D-B0BD-643DED2B9219}.Release|Any CPU.ActiveCfg = Release|Any CPU
		{4422EF5A-9E20-450D-B0BD-643DED2B9219}.Release|Any CPU.Build.0 = Release|Any CPU
		{686ADAF7-ACC2-4E5A-8E04-23993484C792}.Debug|Any CPU.ActiveCfg = Debug|Any CPU
		{686ADAF7-ACC2-4E5A-8E04-23993484C792}.Debug|Any CPU.Build.0 = Debug|Any CPU
		{686ADAF7-ACC2-4E5A-8E04-23993484C792}.Release|Any CPU.ActiveCfg = Release|Any CPU
		{686ADAF7-ACC2-4E5A-8E04-23993484C792}.Release|Any CPU.Build.0 = Release|Any CPU
		{4A285025-88E9-46EC-81BD-A9E0809A73F5}.Debug|Any CPU.ActiveCfg = Debug|Any CPU
		{4A285025-88E9-46EC-81BD-A9E0809A73F5}.Debug|Any CPU.Build.0 = Debug|Any CPU
		{4A285025-88E9-46EC-81BD-A9E0809A73F5}.Release|Any CPU.ActiveCfg = Release|Any CPU
		{4A285025-88E9-46EC-81BD-A9E0809A73F5}.Release|Any CPU.Build.0 = Release|Any CPU
		{7CBCE6FF-4F1C-4CE8-9340-79EDCE855C2E}.Debug|Any CPU.ActiveCfg = Debug|Any CPU
		{7CBCE6FF-4F1C-4CE8-9340-79EDCE855C2E}.Debug|Any CPU.Build.0 = Debug|Any CPU
		{7CBCE6FF-4F1C-4CE8-9340-79EDCE855C2E}.Release|Any CPU.ActiveCfg = Release|Any CPU
		{7CBCE6FF-4F1C-4CE8-9340-79EDCE855C2E}.Release|Any CPU.Build.0 = Release|Any CPU
		{9523B0B2-92B8-4687-86BE-83CFB8ACBE23}.Debug|Any CPU.ActiveCfg = Debug|Any CPU
		{9523B0B2-92B8-4687-86BE-83CFB8ACBE23}.Debug|Any CPU.Build.0 = Debug|Any CPU
		{9523B0B2-92B8-4687-86BE-83CFB8ACBE23}.Release|Any CPU.ActiveCfg = Release|Any CPU
		{9523B0B2-92B8-4687-86BE-83CFB8ACBE23}.Release|Any CPU.Build.0 = Release|Any CPU
		{8F1603B8-0DA0-4EBF-89A3-F855AC72676F}.Debug|Any CPU.ActiveCfg = Debug|Any CPU
		{8F1603B8-0DA0-4EBF-89A3-F855AC72676F}.Debug|Any CPU.Build.0 = Debug|Any CPU
		{8F1603B8-0DA0-4EBF-89A3-F855AC72676F}.Release|Any CPU.ActiveCfg = Release|Any CPU
		{8F1603B8-0DA0-4EBF-89A3-F855AC72676F}.Release|Any CPU.Build.0 = Release|Any CPU
		{ECA3A449-A8BB-4AFF-BE40-1096AD811369}.Debug|Any CPU.ActiveCfg = Debug|Any CPU
		{ECA3A449-A8BB-4AFF-BE40-1096AD811369}.Debug|Any CPU.Build.0 = Debug|Any CPU
		{ECA3A449-A8BB-4AFF-BE40-1096AD811369}.Release|Any CPU.ActiveCfg = Release|Any CPU
		{ECA3A449-A8BB-4AFF-BE40-1096AD811369}.Release|Any CPU.Build.0 = Release|Any CPU
		{827C795E-6F4B-4508-8473-1D8870385F8A}.Debug|Any CPU.ActiveCfg = Debug|Any CPU
		{827C795E-6F4B-4508-8473-1D8870385F8A}.Debug|Any CPU.Build.0 = Debug|Any CPU
		{827C795E-6F4B-4508-8473-1D8870385F8A}.Release|Any CPU.ActiveCfg = Release|Any CPU
		{827C795E-6F4B-4508-8473-1D8870385F8A}.Release|Any CPU.Build.0 = Release|Any CPU
		{4A599204-812C-4428-8D85-FE13861AF5B3}.Debug|Any CPU.ActiveCfg = Debug|Any CPU
		{4A599204-812C-4428-8D85-FE13861AF5B3}.Debug|Any CPU.Build.0 = Debug|Any CPU
		{4A599204-812C-4428-8D85-FE13861AF5B3}.Release|Any CPU.ActiveCfg = Release|Any CPU
		{4A599204-812C-4428-8D85-FE13861AF5B3}.Release|Any CPU.Build.0 = Release|Any CPU
		{9F3239D3-E6F7-4D2B-B76C-1FC86CDAEEF8}.Debug|Any CPU.ActiveCfg = Debug|Any CPU
		{9F3239D3-E6F7-4D2B-B76C-1FC86CDAEEF8}.Debug|Any CPU.Build.0 = Debug|Any CPU
		{9F3239D3-E6F7-4D2B-B76C-1FC86CDAEEF8}.Release|Any CPU.ActiveCfg = Release|Any CPU
		{9F3239D3-E6F7-4D2B-B76C-1FC86CDAEEF8}.Release|Any CPU.Build.0 = Release|Any CPU
		{C9415BE9-8959-46CD-A55C-D773C188694B}.Debug|Any CPU.ActiveCfg = Debug|Any CPU
		{C9415BE9-8959-46CD-A55C-D773C188694B}.Debug|Any CPU.Build.0 = Debug|Any CPU
		{C9415BE9-8959-46CD-A55C-D773C188694B}.Release|Any CPU.ActiveCfg = Release|Any CPU
		{C9415BE9-8959-46CD-A55C-D773C188694B}.Release|Any CPU.Build.0 = Release|Any CPU
		{8F190ACD-4C81-4A8F-A3A9-64BDF438E304}.Debug|Any CPU.ActiveCfg = Debug|Any CPU
		{8F190ACD-4C81-4A8F-A3A9-64BDF438E304}.Debug|Any CPU.Build.0 = Debug|Any CPU
		{8F190ACD-4C81-4A8F-A3A9-64BDF438E304}.Release|Any CPU.ActiveCfg = Release|Any CPU
		{8F190ACD-4C81-4A8F-A3A9-64BDF438E304}.Release|Any CPU.Build.0 = Release|Any CPU
		{3C9CC59C-C484-436F-B349-86E5C5065AE6}.Debug|Any CPU.ActiveCfg = Debug|Any CPU
		{3C9CC59C-C484-436F-B349-86E5C5065AE6}.Debug|Any CPU.Build.0 = Debug|Any CPU
		{3C9CC59C-C484-436F-B349-86E5C5065AE6}.Release|Any CPU.ActiveCfg = Release|Any CPU
		{3C9CC59C-C484-436F-B349-86E5C5065AE6}.Release|Any CPU.Build.0 = Release|Any CPU
		{EBD8DFE5-74F8-4556-9A35-D9EC47B35979}.Debug|Any CPU.ActiveCfg = Debug|Any CPU
		{EBD8DFE5-74F8-4556-9A35-D9EC47B35979}.Debug|Any CPU.Build.0 = Debug|Any CPU
		{EBD8DFE5-74F8-4556-9A35-D9EC47B35979}.Release|Any CPU.ActiveCfg = Release|Any CPU
		{EBD8DFE5-74F8-4556-9A35-D9EC47B35979}.Release|Any CPU.Build.0 = Release|Any CPU
		{1F628E50-BA8C-4A8E-A579-390E7CCFF034}.Debug|Any CPU.ActiveCfg = Debug|Any CPU
		{1F628E50-BA8C-4A8E-A579-390E7CCFF034}.Debug|Any CPU.Build.0 = Debug|Any CPU
		{1F628E50-BA8C-4A8E-A579-390E7CCFF034}.Release|Any CPU.ActiveCfg = Release|Any CPU
		{1F628E50-BA8C-4A8E-A579-390E7CCFF034}.Release|Any CPU.Build.0 = Release|Any CPU
		{79AD0FC1-569F-43C7-8289-7C1608956F8F}.Debug|Any CPU.ActiveCfg = Debug|Any CPU
		{79AD0FC1-569F-43C7-8289-7C1608956F8F}.Debug|Any CPU.Build.0 = Debug|Any CPU
		{79AD0FC1-569F-43C7-8289-7C1608956F8F}.Release|Any CPU.ActiveCfg = Release|Any CPU
		{79AD0FC1-569F-43C7-8289-7C1608956F8F}.Release|Any CPU.Build.0 = Release|Any CPU
	EndGlobalSection
	GlobalSection(SolutionProperties) = preSolution
		HideSolutionNode = FALSE
	EndGlobalSection
	GlobalSection(NestedProjects) = preSolution
		{7CBCE6FF-4F1C-4CE8-9340-79EDCE855C2E} = {8FDAE4EB-A00F-40F3-BACA-89402F078AF3}
		{9523B0B2-92B8-4687-86BE-83CFB8ACBE23} = {8FDAE4EB-A00F-40F3-BACA-89402F078AF3}
		{8F1603B8-0DA0-4EBF-89A3-F855AC72676F} = {8FDAE4EB-A00F-40F3-BACA-89402F078AF3}
		{ECA3A449-A8BB-4AFF-BE40-1096AD811369} = {8FDAE4EB-A00F-40F3-BACA-89402F078AF3}
		{827C795E-6F4B-4508-8473-1D8870385F8A} = {8FDAE4EB-A00F-40F3-BACA-89402F078AF3}
		{4A599204-812C-4428-8D85-FE13861AF5B3} = {8FDAE4EB-A00F-40F3-BACA-89402F078AF3}
		{9F3239D3-E6F7-4D2B-B76C-1FC86CDAEEF8} = {8FDAE4EB-A00F-40F3-BACA-89402F078AF3}
		{8F190ACD-4C81-4A8F-A3A9-64BDF438E304} = {D7375B91-46EC-44A5-8B2F-BA94E94593B4}
		{3C9CC59C-C484-436F-B349-86E5C5065AE6} = {D7375B91-46EC-44A5-8B2F-BA94E94593B4}
		{EBD8DFE5-74F8-4556-9A35-D9EC47B35979} = {D7375B91-46EC-44A5-8B2F-BA94E94593B4}
		{1F628E50-BA8C-4A8E-A579-390E7CCFF034} = {D7375B91-46EC-44A5-8B2F-BA94E94593B4}
		{79AD0FC1-569F-43C7-8289-7C1608956F8F} = {D7375B91-46EC-44A5-8B2F-BA94E94593B4}
	EndGlobalSection
	GlobalSection(ExtensibilityGlobals) = postSolution
		SolutionGuid = {7557970B-2675-4EDD-B2EF-EA28744BC050}
	EndGlobalSection
EndGlobal
